
Microsoft Visual Studio Solution File, Format Version 12.00
# Visual Studio Version 17
VisualStudioVersion = 17.5.002.0
MinimumVisualStudioVersion = 10.0.40219.1
Project("{9A19103F-16F7-4668-BE54-9A1E7A4F7556}") = "Com.CentexAllstars", "Com.CentexAllstars.csproj", "{D753F1C1-586D-4142-8BB5-E053B145E511}"
EndProject
Global
	GlobalSection(SolutionConfigurationPlatforms) = preSolution
		Debug|Any CPU = Debug|Any CPU
		Release|Any CPU = Release|Any CPU
	EndGlobalSection
	GlobalSection(ProjectConfigurationPlatforms) = postSolution
		{D753F1C1-586D-4142-8BB5-E053B145E511}.Debug|Any CPU.ActiveCfg = Debug|Any CPU
		{D753F1C1-586D-4142-8BB5-E053B145E511}.Debug|Any CPU.Build.0 = Debug|Any CPU
		{D753F1C1-586D-4142-8BB5-E053B145E511}.Release|Any CPU.ActiveCfg = Release|Any CPU
		{D753F1C1-586D-4142-8BB5-E053B145E511}.Release|Any CPU.Build.0 = Release|Any CPU
	EndGlobalSection
	GlobalSection(SolutionProperties) = preSolution
		HideSolutionNode = FALSE
	EndGlobalSection
	GlobalSection(ExtensibilityGlobals) = postSolution
		SolutionGuid = {A7FB6C70-DDD9-41FF-A8D9-CB9F3255C76C}
	EndGlobalSection
EndGlobal
